<?xml version="1.0" encoding="UTF-8" standalone="yes" ?>
<CodeBlocks_project_file>
	<FileVersion major="1" minor="6" />
	<Project>
		<Option title="Open Mod Manager" />
		<Option platforms="Windows;Unix;" />
		<Option pch_mode="2" />
		<Option compiler="gcc" />
		<MakeCommands>
			<Build command="" />
			<CompileFile command="" />
			<Clean command="" />
			<DistClean command="" />
			<AskRebuildNeeded command="" />
			<SilentBuild command=" &gt; $(CMD_NULL)" />
		</MakeCommands>
		<Build>
			<Target title="64-bit Debug">
				<Option platforms="Windows;" />
				<Option output="bin/64-bit/Debug/OpenModMan" prefix_auto="1" extension_auto="1" />
				<Option object_output="obj/64-bit/Debug" />
				<Option type="1" />
				<Option compiler="gcc_mingw-w64_x86_64" />
				<Compiler>
					<Add option="-pedantic" />
					<Add option="-Wall" />
					<Add option="-m64" />
					<Add option="-g" />
					<Add option="-DDEBUG" />
					<Add directory="include/gui" />
					<Add directory="include" />
					<Add directory="include/Ui" />
				</Compiler>
				<Linker>
					<Add option="-m64" />
					<Add library="lib/64-bit/libcurl.dll.a" />
					<Add directory="lib/64-bit" />
				</Linker>
			</Target>
			<Target title="64-bit Release">
				<Option platforms="Windows;" />
				<Option output="bin/64-bit/Release/OpenModMan" prefix_auto="1" extension_auto="1" />
				<Option object_output="obj/64-bit/Release" />
				<Option type="0" />
				<Option compiler="gcc_mingw-w64_x86_64" />
				<Compiler>
					<Add option="-O3" />
					<Add option="-pedantic" />
					<Add option="-Wall" />
					<Add option="-Wextra" />
					<Add option="-m64" />
					<Add directory="include/gui" />
					<Add directory="include" />
					<Add directory="include/Ui" />
				</Compiler>
				<Linker>
					<Add option="-s" />
					<Add option="-m64" />
					<Add library="lib/64-bit/libcurl.dll.a" />
					<Add directory="lib/64-bit" />
				</Linker>
			</Target>
			<Target title="32-bit Debug">
				<Option platforms="Windows;" />
				<Option output="bin/32-bit/Debug/OpenModMan" prefix_auto="1" extension_auto="1" />
				<Option object_output="obj/32-bit/Debug" />
				<Option type="1" />
				<Option compiler="gcc_mingw-w64_i686" />
				<Compiler>
					<Add option="-pedantic" />
					<Add option="-Wall" />
					<Add option="-m32" />
					<Add option="-g" />
					<Add option="-DDEBUG" />
					<Add directory="include/gui" />
					<Add directory="include" />
					<Add directory="include/Ui" />
				</Compiler>
				<Linker>
					<Add option="-m32" />
					<Add library="lib/32-bit/libcurl.dll.a" />
					<Add directory="lib/32-bit" />
				</Linker>
			</Target>
			<Target title="32-bit Release">
				<Option platforms="Windows;" />
				<Option output="bin/32-bit/Release/OpenModMan" prefix_auto="1" extension_auto="1" />
				<Option object_output="obj/32-bit/Release" />
				<Option type="0" />
				<Option compiler="gcc_mingw-w64_i686" />
				<Compiler>
					<Add option="-O3" />
					<Add option="-pedantic" />
					<Add option="-Wall" />
					<Add option="-Wextra" />
					<Add option="-m32" />
					<Add directory="include/gui" />
					<Add directory="include" />
					<Add directory="include/Ui" />
				</Compiler>
				<Linker>
					<Add option="-s" />
					<Add option="-m32" />
					<Add library="lib/32-bit/libcurl.dll.a" />
					<Add directory="lib/32-bit" />
				</Linker>
			</Target>
			<Target title="Linux 64-bit Release">
				<Option platforms="Windows;Unix;" />
				<Option output="bin/64-bit/Release/OpenModMan-linux" prefix_auto="1" extension_auto="1" />
				<Option object_output="obj/64-bit/Release" />
				<Option type="0" />
				<Option compiler="mingw-w64_x86-64" />
				<Compiler>
					<Add option="-O3" />
					<Add option="-pedantic" />
					<Add option="-Wextra" />
					<Add option="-Wall" />
					<Add option="-m64" />
					<Add directory="include/gui" />
					<Add directory="include" />
					<Add directory="include/Ui" />
				</Compiler>
				<ResourceCompiler>
					<Add directory="include/gui/res" />
					<Add directory="include/gui" />
					<Add directory="include" />
				</ResourceCompiler>
				<Linker>
					<Add option="-s" />
					<Add option="-m64" />
					<Add library="lib/64-bit/libcurl.dll.a" />
					<Add directory="lib/64-bit" />
				</Linker>
			</Target>
			<Target title="Linux 32-bit Release">
				<Option platforms="Windows;Unix;" />
				<Option output="bin/32-bit/Release/OpenModMan-linux" prefix_auto="1" extension_auto="1" />
				<Option object_output="obj/32-bit/Release" />
				<Option type="0" />
				<Option compiler="mingw-w64_i686" />
				<Compiler>
					<Add option="-O3" />
					<Add option="-pedantic" />
					<Add option="-Wextra" />
					<Add option="-Wall" />
					<Add option="-m32" />
					<Add directory="include/gui" />
					<Add directory="include" />
					<Add directory="/usr/i686-w64-mingw32/include" />
					<Add directory="include/Ui" />
				</Compiler>
				<ResourceCompiler>
					<Add directory="include/gui/res" />
					<Add directory="include/gui" />
					<Add directory="include" />
				</ResourceCompiler>
				<Linker>
					<Add option="-s" />
					<Add option="-m32" />
					<Add library="lib/32-bit/libcurl.dll.a" />
					<Add directory="lib/32-bit" />
					<Add directory="/usr/i686-w64-mingw32/lib" />
				</Linker>
			</Target>
		</Build>
		<Compiler>
			<Add option="-DCURL_STATICLIB" />
			<Add directory="include" />
			<Add directory="include/3rdP" />
			<Add directory="include/3rdP/miniz" />
			<Add directory="include/3rdP/pugixml" />
			<Add directory="include/3rdP/xxhash" />
			<Add directory="include/3rdP/jpeg" />
			<Add directory="include/3rdP/png" />
			<Add directory="include/3rdP/gif" />
			<Add directory="include/3rdP/zlib" />
			<Add directory="src/3rdP/zlib" />
			<Add directory="include/3rdP/md4c" />
			<Add directory="include/3rdP/cwb" />
		</Compiler>
		<ResourceCompiler>
			<Add directory="include" />
		</ResourceCompiler>
		<Linker>
			<Add option="-static-libstdc++" />
			<Add option="-static-libgcc" />
			<Add library="comctl32" />
			<Add library="gdi32" />
			<Add library="shlwapi" />
			<Add library="comdlg32" />
			<Add library="ole32" />
			<Add library="shell32" />
			<Add library="uxtheme" />
			<Add library="uuid" />
			<Add library="oleaut32" />
		</Linker>
		<Unit filename="CREDITS.TXT" />
		<Unit filename="LICENSE.TXT" />
		<Unit filename="README.md" />
		<Unit filename="include/3rdP/curl/curl.h" />
		<Unit filename="include/3rdP/curl/curlver.h" />
		<Unit filename="include/3rdP/curl/easy.h" />
		<Unit filename="include/3rdP/curl/mprintf.h" />
		<Unit filename="include/3rdP/curl/multi.h" />
		<Unit filename="include/3rdP/curl/options.h" />
		<Unit filename="include/3rdP/curl/stdcheaders.h" />
		<Unit filename="include/3rdP/curl/system.h" />
		<Unit filename="include/3rdP/curl/typecheck-gcc.h" />
		<Unit filename="include/3rdP/curl/urlapi.h" />
		<Unit filename="include/3rdP/cwb/cwb.h" />
		<Unit filename="include/3rdP/gif/gif_hash.h" />
		<Unit filename="include/3rdP/gif/gif_lib.h" />
		<Unit filename="include/3rdP/gif/gif_lib_private.h" />
		<Unit filename="include/3rdP/jpeg/README" />
		<Unit filename="include/3rdP/jpeg/jpeglib.h" />
		<Unit filename="include/3rdP/md4c/entity.h" />
		<Unit filename="include/3rdP/md4c/md4c-html.h" />
		<Unit filename="include/3rdP/md4c/md4c.h" />
		<Unit filename="include/3rdP/miniz/miniz.h" />
		<Unit filename="include/3rdP/png/png.h" />
		<Unit filename="include/3rdP/png/pngconf.h" />
		<Unit filename="include/3rdP/png/pngdebug.h" />
		<Unit filename="include/3rdP/png/pnginfo.h" />
		<Unit filename="include/3rdP/png/pnglibconf.h" />
		<Unit filename="include/3rdP/png/pngpriv.h" />
		<Unit filename="include/3rdP/png/pngstruct.h" />
		<Unit filename="include/3rdP/pugixml/pugiconfig.hpp" />
		<Unit filename="include/3rdP/pugixml/pugixml.hpp" />
		<Unit filename="include/3rdP/xxhash/xxh3.h" />
		<Unit filename="include/3rdP/xxhash/xxhash.h" />
		<Unit filename="include/3rdP/zlib/zlib.h" />
		<Unit filename="include/OmBase.h" />
		<Unit filename="include/OmBaseApp.h" />
		<Unit filename="include/OmBaseUi.h" />
		<Unit filename="include/OmBaseWin.h" />
		<Unit filename="include/OmBatch.h" />
		<Unit filename="include/OmConfig.h" />
		<Unit filename="include/OmContext.h" />
		<Unit filename="include/OmDialog.h" />
		<Unit filename="include/OmDialogProp.h" />
		<Unit filename="include/OmDialogWiz.h" />
		<Unit filename="include/OmGlobal.h" />
		<Unit filename="include/OmImage.h" />
		<Unit filename="include/OmLocation.h" />
		<Unit filename="include/OmManager.h" />
		<Unit filename="include/OmPackage.h" />
		<Unit filename="include/OmRemote.h" />
		<Unit filename="include/OmRepository.h" />
		<Unit filename="include/OmSocket.h" />
		<Unit filename="include/OmVersion.h" />
		<Unit filename="include/OmXmlDoc.h" />
		<Unit filename="include/OmZipFile.h" />
		<Unit filename="include/Ui/OmUiAddBat.h" />
		<Unit filename="include/Ui/OmUiAddLoc.h" />
		<Unit filename="include/Ui/OmUiAddRep.h" />
		<Unit filename="include/Ui/OmUiHelpAbt.h" />
		<Unit filename="include/Ui/OmUiHelpLog.h" />
		<Unit filename="include/Ui/OmUiMgr.h" />
		<Unit filename="include/Ui/OmUiMgrFoot.h" />
		<Unit filename="include/Ui/OmUiMgrMain.h" />
		<Unit filename="include/Ui/OmUiMgrMainLib.h" />
		<Unit filename="include/Ui/OmUiMgrMainNet.h" />
		<Unit filename="include/Ui/OmUiMgrMainTst.h" />
		<Unit filename="include/Ui/OmUiProgress.h" />
		<Unit filename="include/Ui/OmUiPropBat.h" />
		<Unit filename="include/Ui/OmUiPropBatStg.h" />
		<Unit filename="include/Ui/OmUiPropCtx.h" />
		<Unit filename="include/Ui/OmUiPropCtxBat.h" />
		<Unit filename="include/Ui/OmUiPropCtxLoc.h" />
		<Unit filename="include/Ui/OmUiPropCtxStg.h" />
		<Unit filename="include/Ui/OmUiPropLoc.h" />
		<Unit filename="include/Ui/OmUiPropLocBck.h" />
		<Unit filename="include/Ui/OmUiPropLocLib.h" />
		<Unit filename="include/Ui/OmUiPropLocNet.h" />
		<Unit filename="include/Ui/OmUiPropLocStg.h" />
		<Unit filename="include/Ui/OmUiPropMan.h" />
		<Unit filename="include/Ui/OmUiPropManGle.h" />
		<Unit filename="include/Ui/OmUiPropPkg.h" />
		<Unit filename="include/Ui/OmUiPropPkgBck.h" />
		<Unit filename="include/Ui/OmUiPropPkgSrc.h" />
		<Unit filename="include/Ui/OmUiPropRmt.h" />
		<Unit filename="include/Ui/OmUiPropRmtDet.h" />
		<Unit filename="include/Ui/OmUiToolPkg.h" />
		<Unit filename="include/Ui/OmUiToolRep.h" />
		<Unit filename="include/Ui/OmUiWizCtx.h" />
		<Unit filename="include/Ui/OmUiWizCtxBeg.h" />
		<Unit filename="include/Ui/OmUiWizCtxCfg.h" />
		<Unit filename="include/Ui/OmUiWizCtxLoc.h" />
		<Unit filename="include/Util/OmUtilB64.h" />
		<Unit filename="include/Util/OmUtilDlg.h" />
		<Unit filename="include/Util/OmUtilErr.h" />
		<Unit filename="include/Util/OmUtilFs.h" />
		<Unit filename="include/Util/OmUtilHsh.h" />
		<Unit filename="include/Util/OmUtilImg.h" />
		<Unit filename="include/Util/OmUtilPkg.h" />
		<Unit filename="include/Util/OmUtilStr.h" />
		<Unit filename="include/Util/OmUtilSys.h" />
		<Unit filename="include/Util/OmUtilWin.h" />
		<Unit filename="include/Util/OmUtilZip.h" />
		<Unit filename="main.cpp" />
		<Unit filename="res/resource.h" />
		<Unit filename="res/resources.rc">
			<Option compilerVar="WINDRES" />
		</Unit>
		<Unit filename="setup/OpenModMan.nsh" />
		<Unit filename="setup/setup-x64.nsi" />
		<Unit filename="setup/setup-x86.nsi" />
		<Unit filename="src/3rdP/cwb/cwb.c">
			<Option compilerVar="CC" />
		</Unit>
		<Unit filename="src/3rdP/gif/dgif_lib.c">
			<Option compilerVar="CC" />
		</Unit>
		<Unit filename="src/3rdP/gif/egif_lib.c">
			<Option compilerVar="CC" />
		</Unit>
		<Unit filename="src/3rdP/gif/gif_err.c">
			<Option compilerVar="CC" />
		</Unit>
		<Unit filename="src/3rdP/gif/gif_font.c">
			<Option compilerVar="CC" />
		</Unit>
		<Unit filename="src/3rdP/gif/gif_hash.c">
			<Option compilerVar="CC" />
		</Unit>
		<Unit filename="src/3rdP/gif/gifalloc.c">
			<Option compilerVar="CC" />
		</Unit>
		<Unit filename="src/3rdP/gif/openbsd-reallocarray.c">
			<Option compilerVar="CC" />
		</Unit>
		<Unit filename="src/3rdP/gif/qprintf.c">
			<Option compilerVar="CC" />
		</Unit>
		<Unit filename="src/3rdP/gif/quantize.c">
			<Option compilerVar="CC" />
		</Unit>
		<Unit filename="src/3rdP/jpeg/jaricom.c">
			<Option compilerVar="CC" />
		</Unit>
		<Unit filename="src/3rdP/jpeg/jcapimin.c">
			<Option compilerVar="CC" />
		</Unit>
		<Unit filename="src/3rdP/jpeg/jcapistd.c">
			<Option compilerVar="CC" />
		</Unit>
		<Unit filename="src/3rdP/jpeg/jcarith.c">
			<Option compilerVar="CC" />
		</Unit>
		<Unit filename="src/3rdP/jpeg/jccoefct.c">
			<Option compilerVar="CC" />
		</Unit>
		<Unit filename="src/3rdP/jpeg/jccolor.c">
			<Option compilerVar="CC" />
		</Unit>
		<Unit filename="src/3rdP/jpeg/jcdctmgr.c">
			<Option compilerVar="CC" />
		</Unit>
		<Unit filename="src/3rdP/jpeg/jchuff.c">
			<Option compilerVar="CC" />
		</Unit>
		<Unit filename="src/3rdP/jpeg/jcinit.c">
			<Option compilerVar="CC" />
		</Unit>
		<Unit filename="src/3rdP/jpeg/jcmainct.c">
			<Option compilerVar="CC" />
		</Unit>
		<Unit filename="src/3rdP/jpeg/jcmarker.c">
			<Option compilerVar="CC" />
		</Unit>
		<Unit filename="src/3rdP/jpeg/jcmaster.c">
			<Option compilerVar="CC" />
		</Unit>
		<Unit filename="src/3rdP/jpeg/jcomapi.c">
			<Option compilerVar="CC" />
		</Unit>
		<Unit filename="src/3rdP/jpeg/jcparam.c">
			<Option compilerVar="CC" />
		</Unit>
		<Unit filename="src/3rdP/jpeg/jcprepct.c">
			<Option compilerVar="CC" />
		</Unit>
		<Unit filename="src/3rdP/jpeg/jcsample.c">
			<Option compilerVar="CC" />
		</Unit>
		<Unit filename="src/3rdP/jpeg/jctrans.c">
			<Option compilerVar="CC" />
		</Unit>
		<Unit filename="src/3rdP/jpeg/jdapimin.c">
			<Option compilerVar="CC" />
		</Unit>
		<Unit filename="src/3rdP/jpeg/jdapistd.c">
			<Option compilerVar="CC" />
		</Unit>
		<Unit filename="src/3rdP/jpeg/jdarith.c">
			<Option compilerVar="CC" />
		</Unit>
		<Unit filename="src/3rdP/jpeg/jdatadst.c">
			<Option compilerVar="CC" />
		</Unit>
		<Unit filename="src/3rdP/jpeg/jdatasrc.c">
			<Option compilerVar="CC" />
		</Unit>
		<Unit filename="src/3rdP/jpeg/jdcoefct.c">
			<Option compilerVar="CC" />
		</Unit>
		<Unit filename="src/3rdP/jpeg/jdcolor.c">
			<Option compilerVar="CC" />
		</Unit>
		<Unit filename="src/3rdP/jpeg/jddctmgr.c">
			<Option compilerVar="CC" />
		</Unit>
		<Unit filename="src/3rdP/jpeg/jdhuff.c">
			<Option compilerVar="CC" />
		</Unit>
		<Unit filename="src/3rdP/jpeg/jdinput.c">
			<Option compilerVar="CC" />
		</Unit>
		<Unit filename="src/3rdP/jpeg/jdmainct.c">
			<Option compilerVar="CC" />
		</Unit>
		<Unit filename="src/3rdP/jpeg/jdmarker.c">
			<Option compilerVar="CC" />
		</Unit>
		<Unit filename="src/3rdP/jpeg/jdmaster.c">
			<Option compilerVar="CC" />
		</Unit>
		<Unit filename="src/3rdP/jpeg/jdmerge.c">
			<Option compilerVar="CC" />
		</Unit>
		<Unit filename="src/3rdP/jpeg/jdpostct.c">
			<Option compilerVar="CC" />
		</Unit>
		<Unit filename="src/3rdP/jpeg/jdsample.c">
			<Option compilerVar="CC" />
		</Unit>
		<Unit filename="src/3rdP/jpeg/jdtrans.c">
			<Option compilerVar="CC" />
		</Unit>
		<Unit filename="src/3rdP/jpeg/jerror.c">
			<Option compilerVar="CC" />
		</Unit>
		<Unit filename="src/3rdP/jpeg/jfdctflt.c">
			<Option compilerVar="CC" />
		</Unit>
		<Unit filename="src/3rdP/jpeg/jfdctfst.c">
			<Option compilerVar="CC" />
		</Unit>
		<Unit filename="src/3rdP/jpeg/jfdctint.c">
			<Option compilerVar="CC" />
		</Unit>
		<Unit filename="src/3rdP/jpeg/jidctflt.c">
			<Option compilerVar="CC" />
		</Unit>
		<Unit filename="src/3rdP/jpeg/jidctfst.c">
			<Option compilerVar="CC" />
		</Unit>
		<Unit filename="src/3rdP/jpeg/jidctint.c">
			<Option compilerVar="CC" />
		</Unit>
		<Unit filename="src/3rdP/jpeg/jmemmgr.c">
			<Option compilerVar="CC" />
		</Unit>
		<Unit filename="src/3rdP/jpeg/jmemnobs.c">
			<Option compilerVar="CC" />
		</Unit>
		<Unit filename="src/3rdP/jpeg/jquant1.c">
			<Option compilerVar="CC" />
		</Unit>
		<Unit filename="src/3rdP/jpeg/jquant2.c">
			<Option compilerVar="CC" />
		</Unit>
		<Unit filename="src/3rdP/jpeg/jutils.c">
			<Option compilerVar="CC" />
		</Unit>
		<Unit filename="src/3rdP/jpeg/rdbmp.c">
			<Option compilerVar="CC" />
		</Unit>
		<Unit filename="src/3rdP/jpeg/rdcolmap.c">
			<Option compilerVar="CC" />
		</Unit>
		<Unit filename="src/3rdP/jpeg/rdgif.c">
			<Option compilerVar="CC" />
		</Unit>
		<Unit filename="src/3rdP/jpeg/rdppm.c">
			<Option compilerVar="CC" />
		</Unit>
		<Unit filename="src/3rdP/jpeg/rdrle.c">
			<Option compilerVar="CC" />
		</Unit>
		<Unit filename="src/3rdP/jpeg/rdswitch.c">
			<Option compilerVar="CC" />
		</Unit>
		<Unit filename="src/3rdP/jpeg/rdtarga.c">
			<Option compilerVar="CC" />
		</Unit>
		<Unit filename="src/3rdP/jpeg/transupp.c">
			<Option compilerVar="CC" />
		</Unit>
		<Unit filename="src/3rdP/jpeg/wrbmp.c">
			<Option compilerVar="CC" />
		</Unit>
		<Unit filename="src/3rdP/jpeg/wrgif.c">
			<Option compilerVar="CC" />
		</Unit>
		<Unit filename="src/3rdP/jpeg/wrppm.c">
			<Option compilerVar="CC" />
		</Unit>
		<Unit filename="src/3rdP/jpeg/wrrle.c">
			<Option compilerVar="CC" />
		</Unit>
		<Unit filename="src/3rdP/jpeg/wrtarga.c">
			<Option compilerVar="CC" />
		</Unit>
		<Unit filename="src/3rdP/md4c/entity.c">
			<Option compilerVar="CC" />
		</Unit>
		<Unit filename="src/3rdP/md4c/md4c-html.c">
			<Option compilerVar="CC" />
		</Unit>
		<Unit filename="src/3rdP/md4c/md4c.c">
			<Option compilerVar="CC" />
		</Unit>
		<Unit filename="src/3rdP/miniz/miniz.c">
			<Option compilerVar="CC" />
		</Unit>
		<Unit filename="src/3rdP/png/png.c">
			<Option compilerVar="CC" />
		</Unit>
		<Unit filename="src/3rdP/png/pngerror.c">
			<Option compilerVar="CC" />
		</Unit>
		<Unit filename="src/3rdP/png/pngget.c">
			<Option compilerVar="CC" />
		</Unit>
		<Unit filename="src/3rdP/png/pngmem.c">
			<Option compilerVar="CC" />
		</Unit>
		<Unit filename="src/3rdP/png/pngpread.c">
			<Option compilerVar="CC" />
		</Unit>
		<Unit filename="src/3rdP/png/pngread.c">
			<Option compilerVar="CC" />
		</Unit>
		<Unit filename="src/3rdP/png/pngrio.c">
			<Option compilerVar="CC" />
		</Unit>
		<Unit filename="src/3rdP/png/pngrtran.c">
			<Option compilerVar="CC" />
		</Unit>
		<Unit filename="src/3rdP/png/pngrutil.c">
			<Option compilerVar="CC" />
		</Unit>
		<Unit filename="src/3rdP/png/pngset.c">
			<Option compilerVar="CC" />
		</Unit>
		<Unit filename="src/3rdP/png/pngtrans.c">
			<Option compilerVar="CC" />
		</Unit>
		<Unit filename="src/3rdP/png/pngwio.c">
			<Option compilerVar="CC" />
		</Unit>
		<Unit filename="src/3rdP/png/pngwrite.c">
			<Option compilerVar="CC" />
		</Unit>
		<Unit filename="src/3rdP/png/pngwtran.c">
			<Option compilerVar="CC" />
		</Unit>
		<Unit filename="src/3rdP/png/pngwutil.c">
			<Option compilerVar="CC" />
		</Unit>
		<Unit filename="src/3rdP/pugixml/pugixml.cpp" />
		<Unit filename="src/3rdP/xxhash/xxhash.c">
			<Option compilerVar="CC" />
		</Unit>
		<Unit filename="src/3rdP/zlib/adler32.c">
			<Option compilerVar="CC" />
		</Unit>
		<Unit filename="src/3rdP/zlib/crc32.c">
			<Option compilerVar="CC" />
		</Unit>
		<Unit filename="src/3rdP/zlib/deflate.c">
			<Option compilerVar="CC" />
		</Unit>
		<Unit filename="src/3rdP/zlib/inffast.c">
			<Option compilerVar="CC" />
		</Unit>
		<Unit filename="src/3rdP/zlib/inflate.c">
			<Option compilerVar="CC" />
		</Unit>
		<Unit filename="src/3rdP/zlib/inftrees.c">
			<Option compilerVar="CC" />
		</Unit>
		<Unit filename="src/3rdP/zlib/trees.c">
			<Option compilerVar="CC" />
		</Unit>
		<Unit filename="src/3rdP/zlib/zutil.c">
			<Option compilerVar="CC" />
		</Unit>
		<Unit filename="src/OmBatch.cpp" />
		<Unit filename="src/OmConfig.cpp" />
		<Unit filename="src/OmContext.cpp" />
		<Unit filename="src/OmDialog.cpp" />
		<Unit filename="src/OmDialogProp.cpp" />
		<Unit filename="src/OmDialogWiz.cpp" />
		<Unit filename="src/OmGlobal.cpp" />
		<Unit filename="src/OmImage.cpp" />
		<Unit filename="src/OmLocation.cpp" />
		<Unit filename="src/OmManager.cpp" />
		<Unit filename="src/OmPackage.cpp" />
		<Unit filename="src/OmRemote.cpp" />
		<Unit filename="src/OmRepository.cpp" />
		<Unit filename="src/OmSocket.cpp" />
		<Unit filename="src/OmVersion.cpp" />
		<Unit filename="src/OmXmlDoc.cpp" />
		<Unit filename="src/OmZipFile.cpp" />
		<Unit filename="src/Ui/OmUiAddBat.cpp" />
		<Unit filename="src/Ui/OmUiAddLoc.cpp" />
		<Unit filename="src/Ui/OmUiAddRep.cpp" />
		<Unit filename="src/Ui/OmUiHelpAbt.cpp" />
		<Unit filename="src/Ui/OmUiHelpLog.cpp" />
		<Unit filename="src/Ui/OmUiMgr.cpp" />
		<Unit filename="src/Ui/OmUiMgrFoot.cpp" />
		<Unit filename="src/Ui/OmUiMgrMain.cpp" />
		<Unit filename="src/Ui/OmUiMgrMainLib.cpp" />
		<Unit filename="src/Ui/OmUiMgrMainNet.cpp" />
		<Unit filename="src/Ui/OmUiMgrMainTst.cpp" />
		<Unit filename="src/Ui/OmUiProgress.cpp" />
		<Unit filename="src/Ui/OmUiPropBat.cpp" />
		<Unit filename="src/Ui/OmUiPropBatStg.cpp" />
		<Unit filename="src/Ui/OmUiPropCtx.cpp" />
		<Unit filename="src/Ui/OmUiPropCtxBat.cpp" />
		<Unit filename="src/Ui/OmUiPropCtxLoc.cpp" />
		<Unit filename="src/Ui/OmUiPropCtxStg.cpp" />
		<Unit filename="src/Ui/OmUiPropLoc.cpp" />
		<Unit filename="src/Ui/OmUiPropLocBck.cpp" />
		<Unit filename="src/Ui/OmUiPropLocLib.cpp" />
		<Unit filename="src/Ui/OmUiPropLocNet.cpp" />
		<Unit filename="src/Ui/OmUiPropLocStg.cpp" />
		<Unit filename="src/Ui/OmUiPropMan.cpp" />
		<Unit filename="src/Ui/OmUiPropManGle.cpp" />
		<Unit filename="src/Ui/OmUiPropPkg.cpp" />
		<Unit filename="src/Ui/OmUiPropPkgBck.cpp" />
		<Unit filename="src/Ui/OmUiPropPkgSrc.cpp" />
		<Unit filename="src/Ui/OmUiPropRmt.cpp" />
		<Unit filename="src/Ui/OmUiPropRmtDet.cpp" />
		<Unit filename="src/Ui/OmUiToolPkg.cpp" />
		<Unit filename="src/Ui/OmUiToolRep.cpp" />
		<Unit filename="src/Ui/OmUiWizCtx.cpp" />
		<Unit filename="src/Ui/OmUiWizCtxBeg.cpp" />
		<Unit filename="src/Ui/OmUiWizCtxCfg.cpp" />
		<Unit filename="src/Ui/OmUiWizCtxLoc.cpp" />
		<Unit filename="src/Util/OmUtilB64.cpp" />
		<Unit filename="src/Util/OmUtilDlg.cpp" />
		<Unit filename="src/Util/OmUtilErr.cpp" />
		<Unit filename="src/Util/OmUtilFs.cpp" />
		<Unit filename="src/Util/OmUtilHsh.cpp" />
		<Unit filename="src/Util/OmUtilImg.cpp" />
		<Unit filename="src/Util/OmUtilPkg.cpp" />
		<Unit filename="src/Util/OmUtilStr.cpp" />
		<Unit filename="src/Util/OmUtilSys.cpp" />
		<Unit filename="src/Util/OmUtilWin.cpp" />
		<Unit filename="src/Util/OmUtilZip.cpp" />
		<Extensions>
			<lib_finder disable_auto="1" />
		</Extensions>
	</Project>
</CodeBlocks_project_file>
