<?xml version="1.0" encoding="UTF-8" standalone="yes" ?>
<CodeBlocks_project_file>
	<FileVersion major="1" minor="6" />
	<Project>
		<Option title="Open Mod Manager" />
		<Option platforms="Windows;Unix;" />
		<Option pch_mode="2" />
		<Option compiler="gcc" />
		<MakeCommands>
			<Build command="" />
			<CompileFile command="" />
			<Clean command="" />
			<DistClean command="" />
			<AskRebuildNeeded command="" />
			<SilentBuild command=" &gt; $(CMD_NULL)" />
		</MakeCommands>
		<Build>
			<Target title="64-bit Debug">
				<Option platforms="Windows;" />
				<Option output="bin/64-bit/Debug/OpenModMan" prefix_auto="1" extension_auto="1" />
				<Option working_dir="dll/64-bit" />
				<Option object_output="obj/64-bit/Debug" />
				<Option type="1" />
				<Option compiler="gcc_mingw-w64_x86_64" />
				<Compiler>
					<Add option="-m64" />
					<Add option="-g" />
					<Add option="-DDEBUG" />
					<Add directory="include/OmUi" />
					<Add directory="include" />
					<Add directory="include/OmUtil" />
				</Compiler>
				<Linker>
					<Add option="-m64" />
					<Add library="lib/64-bit/libcurl.dll.a" />
					<Add library="lib/64-bit/zlib.lib" />
					<Add library="lib/64-bit/zlibstatic.lib" />
					<Add library="lib/64-bit/liblzma.a" />
					<Add library="lib/64-bit/libzstd.dll.a" />
					<Add directory="lib/64-bit" />
				</Linker>
			</Target>
			<Target title="64-bit Release">
				<Option platforms="Windows;" />
				<Option output="bin/64-bit/Release/OpenModMan" prefix_auto="1" extension_auto="1" />
				<Option working_dir="dll/64-bit" />
				<Option object_output="obj/64-bit/Release" />
				<Option type="0" />
				<Option compiler="gcc_mingw-w64_x86_64" />
				<Compiler>
					<Add option="-O3" />
					<Add option="-Wextra" />
					<Add option="-m64" />
					<Add directory="include/OmUi" />
					<Add directory="include" />
					<Add directory="include/OmUtil" />
				</Compiler>
				<Linker>
					<Add option="-s" />
					<Add option="-m64" />
					<Add library="lib/64-bit/libcurl.dll.a" />
					<Add library="lib/64-bit/zlib.lib" />
					<Add library="lib/64-bit/zlibstatic.lib" />
					<Add library="lib/64-bit/liblzma.a" />
					<Add library="lib/64-bit/libzstd.dll.a" />
					<Add directory="lib/64-bit" />
				</Linker>
			</Target>
			<Target title="32-bit Debug">
				<Option platforms="Windows;" />
				<Option output="bin/32-bit/Debug/OpenModMan" prefix_auto="1" extension_auto="1" />
				<Option working_dir="dll/32-bit" />
				<Option object_output="obj/32-bit/Debug" />
				<Option type="1" />
				<Option compiler="gcc_mingw-w64_i686" />
				<Compiler>
					<Add option="-m32" />
					<Add option="-g" />
					<Add option="-DDEBUG" />
					<Add directory="include/OmUi" />
					<Add directory="include" />
					<Add directory="include/OmUtil" />
				</Compiler>
				<Linker>
					<Add option="-m32" />
					<Add library="lib/32-bit/libcurl.dll.a" />
					<Add library="lib/32-bit/zlib.lib" />
					<Add library="lib/32-bit/zlibstatic.lib" />
					<Add library="lib/32-bit/liblzma.a" />
					<Add library="lib/32-bit/libzstd.dll.a" />
					<Add directory="lib/32-bit" />
				</Linker>
			</Target>
			<Target title="32-bit Release">
				<Option platforms="Windows;" />
				<Option output="bin/32-bit/Release/OpenModMan" prefix_auto="1" extension_auto="1" />
				<Option working_dir="dll/32-bit" />
				<Option object_output="obj/32-bit/Release" />
				<Option type="0" />
				<Option compiler="gcc_mingw-w64_i686" />
				<Compiler>
					<Add option="-O3" />
					<Add option="-Wextra" />
					<Add option="-m32" />
					<Add directory="include/OmUi" />
					<Add directory="include" />
					<Add directory="include/OmUtil" />
				</Compiler>
				<Linker>
					<Add option="-s" />
					<Add option="-m32" />
					<Add library="lib/32-bit/libcurl.dll.a" />
					<Add library="lib/32-bit/zlib.lib" />
					<Add library="lib/32-bit/zlibstatic.lib" />
					<Add library="lib/32-bit/liblzma.a" />
					<Add library="lib/32-bit/libzstd.dll.a" />
					<Add directory="lib/32-bit" />
				</Linker>
			</Target>
			<Target title="Linux 64-bit Release">
				<Option platforms="Windows;Unix;" />
				<Option output="bin/64-bit/Release/OpenModMan-linux" prefix_auto="1" extension_auto="1" />
				<Option object_output="obj/64-bit/Release" />
				<Option type="0" />
				<Option compiler="mingw-w64_x86-64" />
				<Compiler>
					<Add option="-O3" />
					<Add option="-pedantic" />
					<Add option="-Wextra" />
					<Add option="-Wall" />
					<Add option="-m64" />
					<Add directory="include/gui" />
					<Add directory="include" />
					<Add directory="include/Ui" />
					<Add directory="include/OmUi" />
					<Add directory="include/OmUtil" />
				</Compiler>
				<ResourceCompiler>
					<Add directory="include/gui/res" />
					<Add directory="include/gui" />
					<Add directory="include" />
				</ResourceCompiler>
				<Linker>
					<Add option="-s" />
					<Add option="-m64" />
					<Add library="lib/64-bit/libcurl.dll.a" />
					<Add library="lib/64-bit/zlib.lib" />
					<Add library="lib/64-bit/zlibstatic.lib" />
					<Add library="lib/64-bit/liblzma.a" />
					<Add library="lib/64-bit/libzstd.dll.a" />
					<Add directory="lib/64-bit" />
				</Linker>
			</Target>
			<Target title="Linux 32-bit Release">
				<Option platforms="Windows;Unix;" />
				<Option output="bin/32-bit/Release/OpenModMan-linux" prefix_auto="1" extension_auto="1" />
				<Option object_output="obj/32-bit/Release" />
				<Option type="0" />
				<Option compiler="mingw-w64_i686" />
				<Compiler>
					<Add option="-O3" />
					<Add option="-pedantic" />
					<Add option="-Wextra" />
					<Add option="-Wall" />
					<Add option="-m32" />
					<Add directory="include/gui" />
					<Add directory="include" />
					<Add directory="/usr/i686-w64-mingw32/include" />
					<Add directory="include/Ui" />
					<Add directory="include/OmUi" />
					<Add directory="include/OmUtil" />
				</Compiler>
				<ResourceCompiler>
					<Add directory="include/gui/res" />
					<Add directory="include/gui" />
					<Add directory="include" />
				</ResourceCompiler>
				<Linker>
					<Add option="-s" />
					<Add option="-m32" />
					<Add library="lib/32-bit/libcurl.dll.a" />
					<Add library="lib/32-bit/zlib.lib" />
					<Add library="lib/32-bit/zlibstatic.lib" />
					<Add library="lib/32-bit/liblzma.a" />
					<Add library="lib/32-bit/libzstd.dll.a" />
					<Add directory="lib/32-bit" />
					<Add directory="/usr/i686-w64-mingw32/lib" />
				</Linker>
			</Target>
		</Build>
		<Compiler>
			<Add option="-pedantic" />
			<Add option="-Wall" />
			<Add option="-D_WIN32_WINNT=0x600" />
			<Add option="-DCURL_STATICLIB" />
			<Add option="-DMD4C_USE_UTF16" />
			<Add option="-DHAVE_ZLIB" />
			<Add option="-DHAVE_LZMA" />
			<Add option="-DHAVE_ZSTD" />
			<Add option="-DZLIB_COMPAT" />
			<Add option="-DMZ_ZIP_NO_CRYPTO" />
			<Add directory="include" />
			<Add directory="include/OmUi" />
			<Add directory="include/OmUtil" />
			<Add directory="3rdparty" />
			<Add directory="3rdparty/miniz" />
			<Add directory="3rdparty/pugixml" />
			<Add directory="3rdparty/xxhash" />
			<Add directory="3rdparty/jpeg" />
			<Add directory="3rdparty/png" />
			<Add directory="3rdparty/gif" />
			<Add directory="3rdparty/zlib-ng" />
			<Add directory="3rdparty/md4c" />
			<Add directory="3rdparty/lzma" />
			<Add directory="3rdparty/zstd" />
			<Add directory="plugins" />
			<Add directory="plugins/md4c-rtf" />
			<Add directory="plugins/md5" />
		</Compiler>
		<ResourceCompiler>
			<Add directory="include" />
		</ResourceCompiler>
		<Linker>
			<Add option="-static-libstdc++" />
			<Add option="-static-libgcc" />
			<Add library="comctl32" />
			<Add library="gdi32" />
			<Add library="shlwapi" />
			<Add library="comdlg32" />
			<Add library="ole32" />
			<Add library="shell32" />
			<Add library="uxtheme" />
			<Add library="uuid" />
			<Add library="oleaut32" />
			<Add library="ws2_32" />
		</Linker>
		<Unit filename="3rdparty/curl/curl.h" />
		<Unit filename="3rdparty/curl/curlver.h" />
		<Unit filename="3rdparty/curl/easy.h" />
		<Unit filename="3rdparty/curl/mprintf.h" />
		<Unit filename="3rdparty/curl/multi.h" />
		<Unit filename="3rdparty/curl/options.h" />
		<Unit filename="3rdparty/curl/stdcheaders.h" />
		<Unit filename="3rdparty/curl/system.h" />
		<Unit filename="3rdparty/curl/typecheck-gcc.h" />
		<Unit filename="3rdparty/curl/urlapi.h" />
		<Unit filename="3rdparty/gif/dgif_lib.c">
			<Option compilerVar="CC" />
		</Unit>
		<Unit filename="3rdparty/gif/egif_lib.c">
			<Option compilerVar="CC" />
		</Unit>
		<Unit filename="3rdparty/gif/getarg.h" />
		<Unit filename="3rdparty/gif/gif_err.c">
			<Option compilerVar="CC" />
		</Unit>
		<Unit filename="3rdparty/gif/gif_font.c">
			<Option compilerVar="CC" />
		</Unit>
		<Unit filename="3rdparty/gif/gif_hash.c">
			<Option compilerVar="CC" />
		</Unit>
		<Unit filename="3rdparty/gif/gif_hash.h" />
		<Unit filename="3rdparty/gif/gif_lib.h" />
		<Unit filename="3rdparty/gif/gif_lib_private.h" />
		<Unit filename="3rdparty/gif/gifalloc.c">
			<Option compilerVar="CC" />
		</Unit>
		<Unit filename="3rdparty/gif/openbsd-reallocarray.c">
			<Option compilerVar="CC" />
		</Unit>
		<Unit filename="3rdparty/gif/qprintf.c">
			<Option compilerVar="CC" />
		</Unit>
		<Unit filename="3rdparty/gif/quantize.c">
			<Option compilerVar="CC" />
		</Unit>
		<Unit filename="3rdparty/jpeg/cderror.h" />
		<Unit filename="3rdparty/jpeg/cdjpeg.h" />
		<Unit filename="3rdparty/jpeg/jaricom.c">
			<Option compilerVar="CC" />
		</Unit>
		<Unit filename="3rdparty/jpeg/jcapimin.c">
			<Option compilerVar="CC" />
		</Unit>
		<Unit filename="3rdparty/jpeg/jcapistd.c">
			<Option compilerVar="CC" />
		</Unit>
		<Unit filename="3rdparty/jpeg/jcarith.c">
			<Option compilerVar="CC" />
		</Unit>
		<Unit filename="3rdparty/jpeg/jccoefct.c">
			<Option compilerVar="CC" />
		</Unit>
		<Unit filename="3rdparty/jpeg/jccolor.c">
			<Option compilerVar="CC" />
		</Unit>
		<Unit filename="3rdparty/jpeg/jcdctmgr.c">
			<Option compilerVar="CC" />
		</Unit>
		<Unit filename="3rdparty/jpeg/jchuff.c">
			<Option compilerVar="CC" />
		</Unit>
		<Unit filename="3rdparty/jpeg/jcinit.c">
			<Option compilerVar="CC" />
		</Unit>
		<Unit filename="3rdparty/jpeg/jcmainct.c">
			<Option compilerVar="CC" />
		</Unit>
		<Unit filename="3rdparty/jpeg/jcmarker.c">
			<Option compilerVar="CC" />
		</Unit>
		<Unit filename="3rdparty/jpeg/jcmaster.c">
			<Option compilerVar="CC" />
		</Unit>
		<Unit filename="3rdparty/jpeg/jcomapi.c">
			<Option compilerVar="CC" />
		</Unit>
		<Unit filename="3rdparty/jpeg/jconfig.h" />
		<Unit filename="3rdparty/jpeg/jcparam.c">
			<Option compilerVar="CC" />
		</Unit>
		<Unit filename="3rdparty/jpeg/jcprepct.c">
			<Option compilerVar="CC" />
		</Unit>
		<Unit filename="3rdparty/jpeg/jcsample.c">
			<Option compilerVar="CC" />
		</Unit>
		<Unit filename="3rdparty/jpeg/jctrans.c">
			<Option compilerVar="CC" />
		</Unit>
		<Unit filename="3rdparty/jpeg/jdapimin.c">
			<Option compilerVar="CC" />
		</Unit>
		<Unit filename="3rdparty/jpeg/jdapistd.c">
			<Option compilerVar="CC" />
		</Unit>
		<Unit filename="3rdparty/jpeg/jdarith.c">
			<Option compilerVar="CC" />
		</Unit>
		<Unit filename="3rdparty/jpeg/jdatadst.c">
			<Option compilerVar="CC" />
		</Unit>
		<Unit filename="3rdparty/jpeg/jdatasrc.c">
			<Option compilerVar="CC" />
		</Unit>
		<Unit filename="3rdparty/jpeg/jdcoefct.c">
			<Option compilerVar="CC" />
		</Unit>
		<Unit filename="3rdparty/jpeg/jdcolor.c">
			<Option compilerVar="CC" />
		</Unit>
		<Unit filename="3rdparty/jpeg/jdct.h" />
		<Unit filename="3rdparty/jpeg/jddctmgr.c">
			<Option compilerVar="CC" />
		</Unit>
		<Unit filename="3rdparty/jpeg/jdhuff.c">
			<Option compilerVar="CC" />
		</Unit>
		<Unit filename="3rdparty/jpeg/jdinput.c">
			<Option compilerVar="CC" />
		</Unit>
		<Unit filename="3rdparty/jpeg/jdmainct.c">
			<Option compilerVar="CC" />
		</Unit>
		<Unit filename="3rdparty/jpeg/jdmarker.c">
			<Option compilerVar="CC" />
		</Unit>
		<Unit filename="3rdparty/jpeg/jdmaster.c">
			<Option compilerVar="CC" />
		</Unit>
		<Unit filename="3rdparty/jpeg/jdmerge.c">
			<Option compilerVar="CC" />
		</Unit>
		<Unit filename="3rdparty/jpeg/jdpostct.c">
			<Option compilerVar="CC" />
		</Unit>
		<Unit filename="3rdparty/jpeg/jdsample.c">
			<Option compilerVar="CC" />
		</Unit>
		<Unit filename="3rdparty/jpeg/jdtrans.c">
			<Option compilerVar="CC" />
		</Unit>
		<Unit filename="3rdparty/jpeg/jerror.c">
			<Option compilerVar="CC" />
		</Unit>
		<Unit filename="3rdparty/jpeg/jerror.h" />
		<Unit filename="3rdparty/jpeg/jfdctflt.c">
			<Option compilerVar="CC" />
		</Unit>
		<Unit filename="3rdparty/jpeg/jfdctfst.c">
			<Option compilerVar="CC" />
		</Unit>
		<Unit filename="3rdparty/jpeg/jfdctint.c">
			<Option compilerVar="CC" />
		</Unit>
		<Unit filename="3rdparty/jpeg/jidctflt.c">
			<Option compilerVar="CC" />
		</Unit>
		<Unit filename="3rdparty/jpeg/jidctfst.c">
			<Option compilerVar="CC" />
		</Unit>
		<Unit filename="3rdparty/jpeg/jidctint.c">
			<Option compilerVar="CC" />
		</Unit>
		<Unit filename="3rdparty/jpeg/jinclude.h" />
		<Unit filename="3rdparty/jpeg/jmemmgr.c">
			<Option compilerVar="CC" />
		</Unit>
		<Unit filename="3rdparty/jpeg/jmemnobs.c">
			<Option compilerVar="CC" />
		</Unit>
		<Unit filename="3rdparty/jpeg/jmemsys.h" />
		<Unit filename="3rdparty/jpeg/jmorecfg.h" />
		<Unit filename="3rdparty/jpeg/jpegint.h" />
		<Unit filename="3rdparty/jpeg/jpeglib.h" />
		<Unit filename="3rdparty/jpeg/jquant1.c">
			<Option compilerVar="CC" />
		</Unit>
		<Unit filename="3rdparty/jpeg/jquant2.c">
			<Option compilerVar="CC" />
		</Unit>
		<Unit filename="3rdparty/jpeg/jutils.c">
			<Option compilerVar="CC" />
		</Unit>
		<Unit filename="3rdparty/jpeg/jversion.h" />
		<Unit filename="3rdparty/jpeg/rdbmp.c">
			<Option compilerVar="CC" />
		</Unit>
		<Unit filename="3rdparty/jpeg/rdcolmap.c">
			<Option compilerVar="CC" />
		</Unit>
		<Unit filename="3rdparty/jpeg/rdgif.c">
			<Option compilerVar="CC" />
		</Unit>
		<Unit filename="3rdparty/jpeg/rdppm.c">
			<Option compilerVar="CC" />
		</Unit>
		<Unit filename="3rdparty/jpeg/rdrle.c">
			<Option compilerVar="CC" />
		</Unit>
		<Unit filename="3rdparty/jpeg/rdswitch.c">
			<Option compilerVar="CC" />
		</Unit>
		<Unit filename="3rdparty/jpeg/rdtarga.c">
			<Option compilerVar="CC" />
		</Unit>
		<Unit filename="3rdparty/jpeg/transupp.c">
			<Option compilerVar="CC" />
		</Unit>
		<Unit filename="3rdparty/jpeg/transupp.h" />
		<Unit filename="3rdparty/jpeg/wrbmp.c">
			<Option compilerVar="CC" />
		</Unit>
		<Unit filename="3rdparty/jpeg/wrgif.c">
			<Option compilerVar="CC" />
		</Unit>
		<Unit filename="3rdparty/jpeg/wrppm.c">
			<Option compilerVar="CC" />
		</Unit>
		<Unit filename="3rdparty/jpeg/wrrle.c">
			<Option compilerVar="CC" />
		</Unit>
		<Unit filename="3rdparty/jpeg/wrtarga.c">
			<Option compilerVar="CC" />
		</Unit>
		<Unit filename="3rdparty/lzma/lzma.h" />
		<Unit filename="3rdparty/md4c/entity.c">
			<Option compilerVar="CC" />
		</Unit>
		<Unit filename="3rdparty/md4c/entity.h" />
		<Unit filename="3rdparty/md4c/md4c.c">
			<Option compilerVar="CC" />
		</Unit>
		<Unit filename="3rdparty/md4c/md4c.h" />
		<Unit filename="3rdparty/minizip-ng/mz.h" />
		<Unit filename="3rdparty/minizip-ng/mz_crypt.c">
			<Option compilerVar="CC" />
		</Unit>
		<Unit filename="3rdparty/minizip-ng/mz_crypt.h" />
		<Unit filename="3rdparty/minizip-ng/mz_os.c">
			<Option compilerVar="CC" />
		</Unit>
		<Unit filename="3rdparty/minizip-ng/mz_os.h" />
		<Unit filename="3rdparty/minizip-ng/mz_os_win32.c">
			<Option compilerVar="CC" />
		</Unit>
		<Unit filename="3rdparty/minizip-ng/mz_strm.c">
			<Option compilerVar="CC" />
		</Unit>
		<Unit filename="3rdparty/minizip-ng/mz_strm.h" />
		<Unit filename="3rdparty/minizip-ng/mz_strm_buf.c">
			<Option compilerVar="CC" />
		</Unit>
		<Unit filename="3rdparty/minizip-ng/mz_strm_buf.h" />
		<Unit filename="3rdparty/minizip-ng/mz_strm_lzma.c">
			<Option compilerVar="CC" />
		</Unit>
		<Unit filename="3rdparty/minizip-ng/mz_strm_lzma.h" />
		<Unit filename="3rdparty/minizip-ng/mz_strm_mem.c">
			<Option compilerVar="CC" />
		</Unit>
		<Unit filename="3rdparty/minizip-ng/mz_strm_mem.h" />
		<Unit filename="3rdparty/minizip-ng/mz_strm_os.h" />
		<Unit filename="3rdparty/minizip-ng/mz_strm_os_win32.c">
			<Option compilerVar="CC" />
		</Unit>
		<Unit filename="3rdparty/minizip-ng/mz_strm_split.c">
			<Option compilerVar="CC" />
		</Unit>
		<Unit filename="3rdparty/minizip-ng/mz_strm_split.h" />
		<Unit filename="3rdparty/minizip-ng/mz_strm_wzaes.h" />
		<Unit filename="3rdparty/minizip-ng/mz_strm_zlib.c">
			<Option compilerVar="CC" />
		</Unit>
		<Unit filename="3rdparty/minizip-ng/mz_strm_zstd.c">
			<Option compilerVar="CC" />
		</Unit>
		<Unit filename="3rdparty/minizip-ng/mz_strm_zstd.h" />
		<Unit filename="3rdparty/minizip-ng/mz_zip.c">
			<Option compilerVar="CC" />
		</Unit>
		<Unit filename="3rdparty/minizip-ng/mz_zip.h" />
		<Unit filename="3rdparty/minizip-ng/mz_zip_rw.c">
			<Option compilerVar="CC" />
		</Unit>
		<Unit filename="3rdparty/minizip-ng/mz_zip_rw.h" />
		<Unit filename="3rdparty/png/png.c">
			<Option compilerVar="CC" />
		</Unit>
		<Unit filename="3rdparty/png/png.h" />
		<Unit filename="3rdparty/png/pngconf.h" />
		<Unit filename="3rdparty/png/pngdebug.h" />
		<Unit filename="3rdparty/png/pngerror.c">
			<Option compilerVar="CC" />
		</Unit>
		<Unit filename="3rdparty/png/pngget.c">
			<Option compilerVar="CC" />
		</Unit>
		<Unit filename="3rdparty/png/pnginfo.h" />
		<Unit filename="3rdparty/png/pnglibconf.h" />
		<Unit filename="3rdparty/png/pngmem.c">
			<Option compilerVar="CC" />
		</Unit>
		<Unit filename="3rdparty/png/pngpread.c">
			<Option compilerVar="CC" />
		</Unit>
		<Unit filename="3rdparty/png/pngpriv.h" />
		<Unit filename="3rdparty/png/pngread.c">
			<Option compilerVar="CC" />
		</Unit>
		<Unit filename="3rdparty/png/pngrio.c">
			<Option compilerVar="CC" />
		</Unit>
		<Unit filename="3rdparty/png/pngrtran.c">
			<Option compilerVar="CC" />
		</Unit>
		<Unit filename="3rdparty/png/pngrutil.c">
			<Option compilerVar="CC" />
		</Unit>
		<Unit filename="3rdparty/png/pngset.c">
			<Option compilerVar="CC" />
		</Unit>
		<Unit filename="3rdparty/png/pngstruct.h" />
		<Unit filename="3rdparty/png/pngtrans.c">
			<Option compilerVar="CC" />
		</Unit>
		<Unit filename="3rdparty/png/pngwio.c">
			<Option compilerVar="CC" />
		</Unit>
		<Unit filename="3rdparty/png/pngwrite.c">
			<Option compilerVar="CC" />
		</Unit>
		<Unit filename="3rdparty/png/pngwtran.c">
			<Option compilerVar="CC" />
		</Unit>
		<Unit filename="3rdparty/png/pngwutil.c">
			<Option compilerVar="CC" />
		</Unit>
		<Unit filename="3rdparty/pugixml/pugiconfig.hpp" />
		<Unit filename="3rdparty/pugixml/pugixml.cpp" />
		<Unit filename="3rdparty/pugixml/pugixml.hpp" />
		<Unit filename="3rdparty/xxhash/xxh3.h" />
		<Unit filename="3rdparty/xxhash/xxhash.c">
			<Option compilerVar="CC" />
		</Unit>
		<Unit filename="3rdparty/xxhash/xxhash.h" />
		<Unit filename="3rdparty/zlib-ng/zconf.h" />
		<Unit filename="3rdparty/zlib-ng/zlib.h" />
		<Unit filename="3rdparty/zlib-ng/zlib_name_mangling.h" />
		<Unit filename="3rdparty/zstd/zstd.h" />
		<Unit filename="CREDITS" />
		<Unit filename="LICENSE" />
		<Unit filename="README.md" />
		<Unit filename="include/3rdP/jpeg/README" />
		<Unit filename="include/OmArchive.h" />
		<Unit filename="include/OmBase.h" />
		<Unit filename="include/OmBaseApp.h" />
		<Unit filename="include/OmBaseUi.h" />
		<Unit filename="include/OmBaseWin.h" />
		<Unit filename="include/OmConnect.h" />
		<Unit filename="include/OmDialog.h" />
		<Unit filename="include/OmDialogProp.h" />
		<Unit filename="include/OmDialogPropTab.h" />
		<Unit filename="include/OmDialogWiz.h" />
		<Unit filename="include/OmImage.h" />
		<Unit filename="include/OmModChan.h" />
		<Unit filename="include/OmModHub.h" />
		<Unit filename="include/OmModMan.h" />
		<Unit filename="include/OmModPack.h" />
		<Unit filename="include/OmModPset.h" />
		<Unit filename="include/OmNetPack.h" />
		<Unit filename="include/OmNetRepo.h" />
		<Unit filename="include/OmUi/OmUiAddChn.h" />
		<Unit filename="include/OmUi/OmUiAddPst.h" />
		<Unit filename="include/OmUi/OmUiAddRep.h" />
		<Unit filename="include/OmUi/OmUiHelpAbt.h" />
		<Unit filename="include/OmUi/OmUiHelpLog.h" />
		<Unit filename="include/OmUi/OmUiMan.h" />
		<Unit filename="include/OmUi/OmUiManFoot.h" />
		<Unit filename="include/OmUi/OmUiManFootDet.h" />
		<Unit filename="include/OmUi/OmUiManFootOvw.h" />
		<Unit filename="include/OmUi/OmUiManMain.h" />
		<Unit filename="include/OmUi/OmUiManMainLib.h" />
		<Unit filename="include/OmUi/OmUiManMainNet.h" />
		<Unit filename="include/OmUi/OmUiProgress.h" />
		<Unit filename="include/OmUi/OmUiPropChn.h" />
		<Unit filename="include/OmUi/OmUiPropChnBck.h" />
		<Unit filename="include/OmUi/OmUiPropChnLib.h" />
		<Unit filename="include/OmUi/OmUiPropChnNet.h" />
		<Unit filename="include/OmUi/OmUiPropChnStg.h" />
		<Unit filename="include/OmUi/OmUiPropHub.h" />
		<Unit filename="include/OmUi/OmUiPropHubBat.h" />
		<Unit filename="include/OmUi/OmUiPropHubChn.h" />
		<Unit filename="include/OmUi/OmUiPropHubStg.h" />
		<Unit filename="include/OmUi/OmUiPropMan.h" />
		<Unit filename="include/OmUi/OmUiPropManGle.h" />
		<Unit filename="include/OmUi/OmUiPropMod.h" />
		<Unit filename="include/OmUi/OmUiPropModBck.h" />
		<Unit filename="include/OmUi/OmUiPropModCmn.h" />
		<Unit filename="include/OmUi/OmUiPropModSrc.h" />
		<Unit filename="include/OmUi/OmUiPropNet.h" />
		<Unit filename="include/OmUi/OmUiPropNetDet.h" />
		<Unit filename="include/OmUi/OmUiPropPst.h" />
		<Unit filename="include/OmUi/OmUiPropPstLst.h" />
		<Unit filename="include/OmUi/OmUiPropPstStg.h" />
		<Unit filename="include/OmUi/OmUiToolPkg.h" />
		<Unit filename="include/OmUi/OmUiToolRep.h" />
		<Unit filename="include/OmUi/OmUiWizHub.h" />
		<Unit filename="include/OmUi/OmUiWizHubBeg.h" />
		<Unit filename="include/OmUi/OmUiWizHubCfg.h" />
		<Unit filename="include/OmUi/OmUiWizHubChn.h" />
		<Unit filename="include/OmUtil/OmUtilAlg.h" />
		<Unit filename="include/OmUtil/OmUtilB64.h" />
		<Unit filename="include/OmUtil/OmUtilDlg.h" />
		<Unit filename="include/OmUtil/OmUtilErr.h" />
		<Unit filename="include/OmUtil/OmUtilFs.h" />
		<Unit filename="include/OmUtil/OmUtilHsh.h" />
		<Unit filename="include/OmUtil/OmUtilImg.h" />
		<Unit filename="include/OmUtil/OmUtilPkg.h" />
		<Unit filename="include/OmUtil/OmUtilRtf.h" />
		<Unit filename="include/OmUtil/OmUtilStr.h" />
		<Unit filename="include/OmUtil/OmUtilSys.h" />
		<Unit filename="include/OmUtil/OmUtilWin.h" />
		<Unit filename="include/OmUtil/OmUtilZip.h" />
		<Unit filename="include/OmVersion.h" />
		<Unit filename="include/OmXmlConf.h" />
		<Unit filename="main.cpp" />
		<Unit filename="manifest.dbg" />
		<Unit filename="manifest.xml" />
		<Unit filename="plugins/md4c-rtf/md4c-rtf.c">
			<Option compilerVar="CC" />
		</Unit>
		<Unit filename="plugins/md4c-rtf/md4c-rtf.h" />
		<Unit filename="plugins/md5/md5.c">
			<Option compilerVar="CC" />
		</Unit>
		<Unit filename="plugins/md5/md5.h" />
		<Unit filename="res/resource.h" />
		<Unit filename="res/resources.rc">
			<Option compilerVar="WINDRES" />
		</Unit>
		<Unit filename="setup/OpenModMan.nsh" />
		<Unit filename="setup/setup-x64.nsi" />
		<Unit filename="setup/setup-x86.nsi" />
		<Unit filename="src/OmArchive.cpp" />
		<Unit filename="src/OmConnect.cpp" />
		<Unit filename="src/OmDialog.cpp" />
		<Unit filename="src/OmDialogProp.cpp" />
		<Unit filename="src/OmDialogPropTab.cpp" />
		<Unit filename="src/OmDialogWiz.cpp" />
		<Unit filename="src/OmImage.cpp" />
		<Unit filename="src/OmModChan.cpp" />
		<Unit filename="src/OmModHub.cpp" />
		<Unit filename="src/OmModMan.cpp" />
		<Unit filename="src/OmModPack.cpp" />
		<Unit filename="src/OmModPset.cpp" />
		<Unit filename="src/OmNetPack.cpp" />
		<Unit filename="src/OmNetRepo.cpp" />
		<Unit filename="src/OmUi/OmUiAddChn.cpp" />
		<Unit filename="src/OmUi/OmUiAddPst.cpp" />
		<Unit filename="src/OmUi/OmUiAddRep.cpp" />
		<Unit filename="src/OmUi/OmUiHelpAbt.cpp" />
		<Unit filename="src/OmUi/OmUiHelpLog.cpp" />
		<Unit filename="src/OmUi/OmUiMan.cpp" />
		<Unit filename="src/OmUi/OmUiManFoot.cpp" />
		<Unit filename="src/OmUi/OmUiManFootDet.cpp" />
		<Unit filename="src/OmUi/OmUiManFootOvw.cpp" />
		<Unit filename="src/OmUi/OmUiManMain.cpp" />
		<Unit filename="src/OmUi/OmUiManMainLib.cpp" />
		<Unit filename="src/OmUi/OmUiManMainNet.cpp" />
		<Unit filename="src/OmUi/OmUiPictView.cpp" />
		<Unit filename="src/OmUi/OmUiProgress.cpp" />
		<Unit filename="src/OmUi/OmUiPropChn.cpp" />
		<Unit filename="src/OmUi/OmUiPropChnBck.cpp" />
		<Unit filename="src/OmUi/OmUiPropChnLib.cpp" />
		<Unit filename="src/OmUi/OmUiPropChnNet.cpp" />
		<Unit filename="src/OmUi/OmUiPropChnStg.cpp" />
		<Unit filename="src/OmUi/OmUiPropHub.cpp" />
		<Unit filename="src/OmUi/OmUiPropHubBat.cpp" />
		<Unit filename="src/OmUi/OmUiPropHubChn.cpp" />
		<Unit filename="src/OmUi/OmUiPropHubStg.cpp" />
		<Unit filename="src/OmUi/OmUiPropMan.cpp" />
		<Unit filename="src/OmUi/OmUiPropManGle.cpp" />
		<Unit filename="src/OmUi/OmUiPropMod.cpp" />
		<Unit filename="src/OmUi/OmUiPropModBck.cpp" />
		<Unit filename="src/OmUi/OmUiPropModCmn.cpp" />
		<Unit filename="src/OmUi/OmUiPropModSrc.cpp" />
		<Unit filename="src/OmUi/OmUiPropNet.cpp" />
		<Unit filename="src/OmUi/OmUiPropNetDet.cpp" />
		<Unit filename="src/OmUi/OmUiPropPst.cpp" />
		<Unit filename="src/OmUi/OmUiPropPstLst.cpp" />
		<Unit filename="src/OmUi/OmUiPropPstStg.cpp" />
		<Unit filename="src/OmUi/OmUiToolPkg.cpp" />
		<Unit filename="src/OmUi/OmUiToolRep.cpp" />
		<Unit filename="src/OmUi/OmUiWizHub.cpp" />
		<Unit filename="src/OmUi/OmUiWizHubBeg.cpp" />
		<Unit filename="src/OmUi/OmUiWizHubCfg.cpp" />
		<Unit filename="src/OmUi/OmUiWizHubChn.cpp" />
		<Unit filename="src/OmUtil/OmUtilAlg.cpp" />
		<Unit filename="src/OmUtil/OmUtilB64.cpp" />
		<Unit filename="src/OmUtil/OmUtilDlg.cpp" />
		<Unit filename="src/OmUtil/OmUtilErr.cpp" />
		<Unit filename="src/OmUtil/OmUtilFs.cpp" />
		<Unit filename="src/OmUtil/OmUtilHsh.cpp" />
		<Unit filename="src/OmUtil/OmUtilImg.cpp" />
		<Unit filename="src/OmUtil/OmUtilPkg.cpp" />
		<Unit filename="src/OmUtil/OmUtilRtf.cpp" />
		<Unit filename="src/OmUtil/OmUtilStr.cpp" />
		<Unit filename="src/OmUtil/OmUtilSys.cpp" />
		<Unit filename="src/OmUtil/OmUtilWin.cpp" />
		<Unit filename="src/OmUtil/OmUtilZip.cpp" />
		<Unit filename="src/OmVersion.cpp" />
		<Unit filename="src/OmXmlConf.cpp" />
		<Extensions>
			<lib_finder disable_auto="1" />
		</Extensions>
	</Project>
</CodeBlocks_project_file>
