<?xml version="1.0" encoding="UTF-8" standalone="yes" ?>
<CodeBlocks_project_file>
	<FileVersion major="1" minor="6" />
	<Project>
		<Option title="Open Mod Manager" />
		<Option platforms="Windows;Unix;" />
		<Option pch_mode="2" />
		<Option compiler="gcc" />
		<MakeCommands>
			<Build command="" />
			<CompileFile command="" />
			<Clean command="" />
			<DistClean command="" />
			<AskRebuildNeeded command="" />
			<SilentBuild command=" &gt; $(CMD_NULL)" />
		</MakeCommands>
		<Build>
			<Target title="64-bit Debug">
				<Option platforms="Windows;" />
				<Option output="bin/64-bit/Debug/OpenModMan" prefix_auto="1" extension_auto="1" />
				<Option object_output="obj/64-bit/Debug" />
				<Option type="1" />
				<Option compiler="gcc_mingw-w64_x86_64" />
				<Compiler>
					<Add option="-pedantic" />
					<Add option="-Wall" />
					<Add option="-m64" />
					<Add option="-g" />
					<Add option="-DDEBUG" />
					<Add directory="include/gui" />
					<Add directory="include" />
					<Add directory="include/Ui" />
					<Add directory="include/OmUi" />
				</Compiler>
				<Linker>
					<Add option="-m64" />
					<Add library="lib/64-bit/libcurl.dll.a" />
					<Add directory="lib/64-bit" />
				</Linker>
			</Target>
			<Target title="64-bit Release">
				<Option platforms="Windows;" />
				<Option output="bin/64-bit/Release/OpenModMan" prefix_auto="1" extension_auto="1" />
				<Option object_output="obj/64-bit/Release" />
				<Option type="0" />
				<Option compiler="gcc_mingw-w64_x86_64" />
				<Compiler>
					<Add option="-O3" />
					<Add option="-pedantic" />
					<Add option="-Wall" />
					<Add option="-Wextra" />
					<Add option="-m64" />
					<Add directory="include/gui" />
					<Add directory="include" />
					<Add directory="include/Ui" />
					<Add directory="include/OmUi" />
				</Compiler>
				<Linker>
					<Add option="-s" />
					<Add option="-m64" />
					<Add library="lib/64-bit/libcurl.dll.a" />
					<Add directory="lib/64-bit" />
				</Linker>
			</Target>
			<Target title="32-bit Debug">
				<Option platforms="Windows;" />
				<Option output="bin/32-bit/Debug/OpenModMan" prefix_auto="1" extension_auto="1" />
				<Option object_output="obj/32-bit/Debug" />
				<Option type="1" />
				<Option compiler="gcc_mingw-w64_i686" />
				<Compiler>
					<Add option="-pedantic" />
					<Add option="-Wall" />
					<Add option="-m32" />
					<Add option="-g" />
					<Add option="-DDEBUG" />
					<Add directory="include/gui" />
					<Add directory="include" />
					<Add directory="include/Ui" />
					<Add directory="include/OmUi" />
				</Compiler>
				<Linker>
					<Add option="-m32" />
					<Add library="lib/32-bit/libcurl.dll.a" />
					<Add directory="lib/32-bit" />
				</Linker>
			</Target>
			<Target title="32-bit Release">
				<Option platforms="Windows;" />
				<Option output="bin/32-bit/Release/OpenModMan" prefix_auto="1" extension_auto="1" />
				<Option object_output="obj/32-bit/Release" />
				<Option type="0" />
				<Option compiler="gcc_mingw-w64_i686" />
				<Compiler>
					<Add option="-O3" />
					<Add option="-pedantic" />
					<Add option="-Wall" />
					<Add option="-Wextra" />
					<Add option="-m32" />
					<Add directory="include/gui" />
					<Add directory="include" />
					<Add directory="include/Ui" />
					<Add directory="include/OmUi" />
				</Compiler>
				<Linker>
					<Add option="-s" />
					<Add option="-m32" />
					<Add library="lib/32-bit/libcurl.dll.a" />
					<Add directory="lib/32-bit" />
				</Linker>
			</Target>
			<Target title="Linux 64-bit Release">
				<Option platforms="Windows;Unix;" />
				<Option output="bin/64-bit/Release/OpenModMan-linux" prefix_auto="1" extension_auto="1" />
				<Option object_output="obj/64-bit/Release" />
				<Option type="0" />
				<Option compiler="mingw-w64_x86-64" />
				<Compiler>
					<Add option="-O3" />
					<Add option="-pedantic" />
					<Add option="-Wextra" />
					<Add option="-Wall" />
					<Add option="-m64" />
					<Add directory="include/gui" />
					<Add directory="include" />
					<Add directory="include/Ui" />
					<Add directory="include/OmUi" />
				</Compiler>
				<ResourceCompiler>
					<Add directory="include/gui/res" />
					<Add directory="include/gui" />
					<Add directory="include" />
				</ResourceCompiler>
				<Linker>
					<Add option="-s" />
					<Add option="-m64" />
					<Add library="lib/64-bit/libcurl.dll.a" />
					<Add directory="lib/64-bit" />
				</Linker>
			</Target>
			<Target title="Linux 32-bit Release">
				<Option platforms="Windows;Unix;" />
				<Option output="bin/32-bit/Release/OpenModMan-linux" prefix_auto="1" extension_auto="1" />
				<Option object_output="obj/32-bit/Release" />
				<Option type="0" />
				<Option compiler="mingw-w64_i686" />
				<Compiler>
					<Add option="-O3" />
					<Add option="-pedantic" />
					<Add option="-Wextra" />
					<Add option="-Wall" />
					<Add option="-m32" />
					<Add directory="include/gui" />
					<Add directory="include" />
					<Add directory="/usr/i686-w64-mingw32/include" />
					<Add directory="include/Ui" />
					<Add directory="include/OmUi" />
				</Compiler>
				<ResourceCompiler>
					<Add directory="include/gui/res" />
					<Add directory="include/gui" />
					<Add directory="include" />
				</ResourceCompiler>
				<Linker>
					<Add option="-s" />
					<Add option="-m32" />
					<Add library="lib/32-bit/libcurl.dll.a" />
					<Add directory="lib/32-bit" />
					<Add directory="/usr/i686-w64-mingw32/lib" />
				</Linker>
			</Target>
		</Build>
		<Compiler>
			<Add option="-DCURL_STATICLIB" />
			<Add option="-DMD4C_USE_UTF16" />
			<Add directory="include" />
			<Add directory="include/OmUi" />
			<Add directory="include/OmUtil" />
			<Add directory="3rdparty" />
			<Add directory="3rdparty/miniz" />
			<Add directory="3rdparty/pugixml" />
			<Add directory="3rdparty/xxhash" />
			<Add directory="3rdparty/jpeg" />
			<Add directory="3rdparty/png" />
			<Add directory="3rdparty/gif" />
			<Add directory="3rdparty/zlib" />
			<Add directory="3rdparty/md4c" />
			<Add directory="plugins" />
			<Add directory="plugins/md4c-rtf" />
			<Add directory="plugins/md5" />
		</Compiler>
		<ResourceCompiler>
			<Add directory="include" />
		</ResourceCompiler>
		<Linker>
			<Add option="-static-libstdc++" />
			<Add option="-static-libgcc" />
			<Add library="comctl32" />
			<Add library="gdi32" />
			<Add library="shlwapi" />
			<Add library="comdlg32" />
			<Add library="ole32" />
			<Add library="shell32" />
			<Add library="uxtheme" />
			<Add library="uuid" />
			<Add library="oleaut32" />
		</Linker>
		<Unit filename="3rdparty/curl/curl.h" />
		<Unit filename="3rdparty/curl/curlver.h" />
		<Unit filename="3rdparty/curl/easy.h" />
		<Unit filename="3rdparty/curl/mprintf.h" />
		<Unit filename="3rdparty/curl/multi.h" />
		<Unit filename="3rdparty/curl/options.h" />
		<Unit filename="3rdparty/curl/stdcheaders.h" />
		<Unit filename="3rdparty/curl/system.h" />
		<Unit filename="3rdparty/curl/typecheck-gcc.h" />
		<Unit filename="3rdparty/curl/urlapi.h" />
		<Unit filename="3rdparty/gif/dgif_lib.c">
			<Option compilerVar="CC" />
		</Unit>
		<Unit filename="3rdparty/gif/egif_lib.c">
			<Option compilerVar="CC" />
		</Unit>
		<Unit filename="3rdparty/gif/getarg.h" />
		<Unit filename="3rdparty/gif/gif_err.c">
			<Option compilerVar="CC" />
		</Unit>
		<Unit filename="3rdparty/gif/gif_font.c">
			<Option compilerVar="CC" />
		</Unit>
		<Unit filename="3rdparty/gif/gif_hash.c">
			<Option compilerVar="CC" />
		</Unit>
		<Unit filename="3rdparty/gif/gif_hash.h" />
		<Unit filename="3rdparty/gif/gif_lib.h" />
		<Unit filename="3rdparty/gif/gif_lib_private.h" />
		<Unit filename="3rdparty/gif/gifalloc.c">
			<Option compilerVar="CC" />
		</Unit>
		<Unit filename="3rdparty/gif/openbsd-reallocarray.c">
			<Option compilerVar="CC" />
		</Unit>
		<Unit filename="3rdparty/gif/qprintf.c">
			<Option compilerVar="CC" />
		</Unit>
		<Unit filename="3rdparty/gif/quantize.c">
			<Option compilerVar="CC" />
		</Unit>
		<Unit filename="3rdparty/jpeg/cderror.h" />
		<Unit filename="3rdparty/jpeg/cdjpeg.h" />
		<Unit filename="3rdparty/jpeg/jaricom.c">
			<Option compilerVar="CC" />
		</Unit>
		<Unit filename="3rdparty/jpeg/jcapimin.c">
			<Option compilerVar="CC" />
		</Unit>
		<Unit filename="3rdparty/jpeg/jcapistd.c">
			<Option compilerVar="CC" />
		</Unit>
		<Unit filename="3rdparty/jpeg/jcarith.c">
			<Option compilerVar="CC" />
		</Unit>
		<Unit filename="3rdparty/jpeg/jccoefct.c">
			<Option compilerVar="CC" />
		</Unit>
		<Unit filename="3rdparty/jpeg/jccolor.c">
			<Option compilerVar="CC" />
		</Unit>
		<Unit filename="3rdparty/jpeg/jcdctmgr.c">
			<Option compilerVar="CC" />
		</Unit>
		<Unit filename="3rdparty/jpeg/jchuff.c">
			<Option compilerVar="CC" />
		</Unit>
		<Unit filename="3rdparty/jpeg/jcinit.c">
			<Option compilerVar="CC" />
		</Unit>
		<Unit filename="3rdparty/jpeg/jcmainct.c">
			<Option compilerVar="CC" />
		</Unit>
		<Unit filename="3rdparty/jpeg/jcmarker.c">
			<Option compilerVar="CC" />
		</Unit>
		<Unit filename="3rdparty/jpeg/jcmaster.c">
			<Option compilerVar="CC" />
		</Unit>
		<Unit filename="3rdparty/jpeg/jcomapi.c">
			<Option compilerVar="CC" />
		</Unit>
		<Unit filename="3rdparty/jpeg/jconfig.h" />
		<Unit filename="3rdparty/jpeg/jcparam.c">
			<Option compilerVar="CC" />
		</Unit>
		<Unit filename="3rdparty/jpeg/jcprepct.c">
			<Option compilerVar="CC" />
		</Unit>
		<Unit filename="3rdparty/jpeg/jcsample.c">
			<Option compilerVar="CC" />
		</Unit>
		<Unit filename="3rdparty/jpeg/jctrans.c">
			<Option compilerVar="CC" />
		</Unit>
		<Unit filename="3rdparty/jpeg/jdapimin.c">
			<Option compilerVar="CC" />
		</Unit>
		<Unit filename="3rdparty/jpeg/jdapistd.c">
			<Option compilerVar="CC" />
		</Unit>
		<Unit filename="3rdparty/jpeg/jdarith.c">
			<Option compilerVar="CC" />
		</Unit>
		<Unit filename="3rdparty/jpeg/jdatadst.c">
			<Option compilerVar="CC" />
		</Unit>
		<Unit filename="3rdparty/jpeg/jdatasrc.c">
			<Option compilerVar="CC" />
		</Unit>
		<Unit filename="3rdparty/jpeg/jdcoefct.c">
			<Option compilerVar="CC" />
		</Unit>
		<Unit filename="3rdparty/jpeg/jdcolor.c">
			<Option compilerVar="CC" />
		</Unit>
		<Unit filename="3rdparty/jpeg/jdct.h" />
		<Unit filename="3rdparty/jpeg/jddctmgr.c">
			<Option compilerVar="CC" />
		</Unit>
		<Unit filename="3rdparty/jpeg/jdhuff.c">
			<Option compilerVar="CC" />
		</Unit>
		<Unit filename="3rdparty/jpeg/jdinput.c">
			<Option compilerVar="CC" />
		</Unit>
		<Unit filename="3rdparty/jpeg/jdmainct.c">
			<Option compilerVar="CC" />
		</Unit>
		<Unit filename="3rdparty/jpeg/jdmarker.c">
			<Option compilerVar="CC" />
		</Unit>
		<Unit filename="3rdparty/jpeg/jdmaster.c">
			<Option compilerVar="CC" />
		</Unit>
		<Unit filename="3rdparty/jpeg/jdmerge.c">
			<Option compilerVar="CC" />
		</Unit>
		<Unit filename="3rdparty/jpeg/jdpostct.c">
			<Option compilerVar="CC" />
		</Unit>
		<Unit filename="3rdparty/jpeg/jdsample.c">
			<Option compilerVar="CC" />
		</Unit>
		<Unit filename="3rdparty/jpeg/jdtrans.c">
			<Option compilerVar="CC" />
		</Unit>
		<Unit filename="3rdparty/jpeg/jerror.c">
			<Option compilerVar="CC" />
		</Unit>
		<Unit filename="3rdparty/jpeg/jerror.h" />
		<Unit filename="3rdparty/jpeg/jfdctflt.c">
			<Option compilerVar="CC" />
		</Unit>
		<Unit filename="3rdparty/jpeg/jfdctfst.c">
			<Option compilerVar="CC" />
		</Unit>
		<Unit filename="3rdparty/jpeg/jfdctint.c">
			<Option compilerVar="CC" />
		</Unit>
		<Unit filename="3rdparty/jpeg/jidctflt.c">
			<Option compilerVar="CC" />
		</Unit>
		<Unit filename="3rdparty/jpeg/jidctfst.c">
			<Option compilerVar="CC" />
		</Unit>
		<Unit filename="3rdparty/jpeg/jidctint.c">
			<Option compilerVar="CC" />
		</Unit>
		<Unit filename="3rdparty/jpeg/jinclude.h" />
		<Unit filename="3rdparty/jpeg/jmemansi.c">
			<Option compilerVar="CC" />
		</Unit>
		<Unit filename="3rdparty/jpeg/jmemdos.c">
			<Option compilerVar="CC" />
			<Option target="Linux 64-bit Release" />
			<Option target="Linux 32-bit Release" />
		</Unit>
		<Unit filename="3rdparty/jpeg/jmemmac.c">
			<Option compilerVar="CC" />
			<Option target="Linux 64-bit Release" />
			<Option target="Linux 32-bit Release" />
		</Unit>
		<Unit filename="3rdparty/jpeg/jmemmgr.c">
			<Option compilerVar="CC" />
		</Unit>
		<Unit filename="3rdparty/jpeg/jmemname.c">
			<Option compilerVar="CC" />
			<Option target="Linux 64-bit Release" />
			<Option target="Linux 32-bit Release" />
		</Unit>
		<Unit filename="3rdparty/jpeg/jmemnobs.c">
			<Option compilerVar="CC" />
			<Option target="Linux 64-bit Release" />
			<Option target="Linux 32-bit Release" />
		</Unit>
		<Unit filename="3rdparty/jpeg/jmemsys.h" />
		<Unit filename="3rdparty/jpeg/jmorecfg.h" />
		<Unit filename="3rdparty/jpeg/jpegint.h" />
		<Unit filename="3rdparty/jpeg/jpeglib.h" />
		<Unit filename="3rdparty/jpeg/jquant1.c">
			<Option compilerVar="CC" />
		</Unit>
		<Unit filename="3rdparty/jpeg/jquant2.c">
			<Option compilerVar="CC" />
		</Unit>
		<Unit filename="3rdparty/jpeg/jutils.c">
			<Option compilerVar="CC" />
		</Unit>
		<Unit filename="3rdparty/jpeg/jversion.h" />
		<Unit filename="3rdparty/jpeg/rdbmp.c">
			<Option compilerVar="CC" />
		</Unit>
		<Unit filename="3rdparty/jpeg/rdcolmap.c">
			<Option compilerVar="CC" />
		</Unit>
		<Unit filename="3rdparty/jpeg/rdgif.c">
			<Option compilerVar="CC" />
		</Unit>
		<Unit filename="3rdparty/jpeg/rdppm.c">
			<Option compilerVar="CC" />
		</Unit>
		<Unit filename="3rdparty/jpeg/rdrle.c">
			<Option compilerVar="CC" />
		</Unit>
		<Unit filename="3rdparty/jpeg/rdswitch.c">
			<Option compilerVar="CC" />
		</Unit>
		<Unit filename="3rdparty/jpeg/rdtarga.c">
			<Option compilerVar="CC" />
		</Unit>
		<Unit filename="3rdparty/jpeg/transupp.c">
			<Option compilerVar="CC" />
		</Unit>
		<Unit filename="3rdparty/jpeg/transupp.h" />
		<Unit filename="3rdparty/jpeg/wrbmp.c">
			<Option compilerVar="CC" />
		</Unit>
		<Unit filename="3rdparty/jpeg/wrgif.c">
			<Option compilerVar="CC" />
		</Unit>
		<Unit filename="3rdparty/jpeg/wrppm.c">
			<Option compilerVar="CC" />
		</Unit>
		<Unit filename="3rdparty/jpeg/wrrle.c">
			<Option compilerVar="CC" />
		</Unit>
		<Unit filename="3rdparty/jpeg/wrtarga.c">
			<Option compilerVar="CC" />
		</Unit>
		<Unit filename="3rdparty/md4c/entity.c">
			<Option compilerVar="CC" />
		</Unit>
		<Unit filename="3rdparty/md4c/entity.h" />
		<Unit filename="3rdparty/md4c/md4c-html.c">
			<Option compilerVar="CC" />
			<Option target="&lt;{~None~}&gt;" />
		</Unit>
		<Unit filename="3rdparty/md4c/md4c-html.h">
			<Option target="&lt;{~None~}&gt;" />
		</Unit>
		<Unit filename="3rdparty/md4c/md4c.c">
			<Option compilerVar="CC" />
		</Unit>
		<Unit filename="3rdparty/md4c/md4c.h" />
		<Unit filename="3rdparty/miniz/miniz.c">
			<Option compilerVar="CC" />
		</Unit>
		<Unit filename="3rdparty/miniz/miniz.h" />
		<Unit filename="3rdparty/png/png.c">
			<Option compilerVar="CC" />
		</Unit>
		<Unit filename="3rdparty/png/png.h" />
		<Unit filename="3rdparty/png/pngconf.h" />
		<Unit filename="3rdparty/png/pngdebug.h" />
		<Unit filename="3rdparty/png/pngerror.c">
			<Option compilerVar="CC" />
		</Unit>
		<Unit filename="3rdparty/png/pngget.c">
			<Option compilerVar="CC" />
		</Unit>
		<Unit filename="3rdparty/png/pnginfo.h" />
		<Unit filename="3rdparty/png/pnglibconf.h" />
		<Unit filename="3rdparty/png/pngmem.c">
			<Option compilerVar="CC" />
		</Unit>
		<Unit filename="3rdparty/png/pngpread.c">
			<Option compilerVar="CC" />
		</Unit>
		<Unit filename="3rdparty/png/pngpriv.h" />
		<Unit filename="3rdparty/png/pngread.c">
			<Option compilerVar="CC" />
		</Unit>
		<Unit filename="3rdparty/png/pngrio.c">
			<Option compilerVar="CC" />
		</Unit>
		<Unit filename="3rdparty/png/pngrtran.c">
			<Option compilerVar="CC" />
		</Unit>
		<Unit filename="3rdparty/png/pngrutil.c">
			<Option compilerVar="CC" />
		</Unit>
		<Unit filename="3rdparty/png/pngset.c">
			<Option compilerVar="CC" />
		</Unit>
		<Unit filename="3rdparty/png/pngstruct.h" />
		<Unit filename="3rdparty/png/pngtrans.c">
			<Option compilerVar="CC" />
		</Unit>
		<Unit filename="3rdparty/png/pngwio.c">
			<Option compilerVar="CC" />
		</Unit>
		<Unit filename="3rdparty/png/pngwrite.c">
			<Option compilerVar="CC" />
		</Unit>
		<Unit filename="3rdparty/png/pngwtran.c">
			<Option compilerVar="CC" />
		</Unit>
		<Unit filename="3rdparty/png/pngwutil.c">
			<Option compilerVar="CC" />
		</Unit>
		<Unit filename="3rdparty/pugixml/pugiconfig.hpp" />
		<Unit filename="3rdparty/pugixml/pugixml.cpp" />
		<Unit filename="3rdparty/pugixml/pugixml.hpp" />
		<Unit filename="3rdparty/xxhash/xxh3.h" />
		<Unit filename="3rdparty/xxhash/xxhash.c">
			<Option compilerVar="CC" />
		</Unit>
		<Unit filename="3rdparty/xxhash/xxhash.h" />
		<Unit filename="3rdparty/zlib/adler32.c">
			<Option compilerVar="CC" />
		</Unit>
		<Unit filename="3rdparty/zlib/compress.c">
			<Option compilerVar="CC" />
		</Unit>
		<Unit filename="3rdparty/zlib/crc32.c">
			<Option compilerVar="CC" />
		</Unit>
		<Unit filename="3rdparty/zlib/crc32.h" />
		<Unit filename="3rdparty/zlib/deflate.c">
			<Option compilerVar="CC" />
		</Unit>
		<Unit filename="3rdparty/zlib/deflate.h" />
		<Unit filename="3rdparty/zlib/gzclose.c">
			<Option compilerVar="CC" />
		</Unit>
		<Unit filename="3rdparty/zlib/gzguts.h" />
		<Unit filename="3rdparty/zlib/gzlib.c">
			<Option compilerVar="CC" />
		</Unit>
		<Unit filename="3rdparty/zlib/gzread.c">
			<Option compilerVar="CC" />
		</Unit>
		<Unit filename="3rdparty/zlib/gzwrite.c">
			<Option compilerVar="CC" />
		</Unit>
		<Unit filename="3rdparty/zlib/infback.c">
			<Option compilerVar="CC" />
		</Unit>
		<Unit filename="3rdparty/zlib/inffast.c">
			<Option compilerVar="CC" />
		</Unit>
		<Unit filename="3rdparty/zlib/inffast.h" />
		<Unit filename="3rdparty/zlib/inffixed.h" />
		<Unit filename="3rdparty/zlib/inflate.c">
			<Option compilerVar="CC" />
		</Unit>
		<Unit filename="3rdparty/zlib/inflate.h" />
		<Unit filename="3rdparty/zlib/inftrees.c">
			<Option compilerVar="CC" />
		</Unit>
		<Unit filename="3rdparty/zlib/inftrees.h" />
		<Unit filename="3rdparty/zlib/trees.c">
			<Option compilerVar="CC" />
		</Unit>
		<Unit filename="3rdparty/zlib/trees.h" />
		<Unit filename="3rdparty/zlib/uncompr.c">
			<Option compilerVar="CC" />
		</Unit>
		<Unit filename="3rdparty/zlib/zconf.h" />
		<Unit filename="3rdparty/zlib/zlib.h" />
		<Unit filename="3rdparty/zlib/zutil.c">
			<Option compilerVar="CC" />
		</Unit>
		<Unit filename="3rdparty/zlib/zutil.h" />
		<Unit filename="CREDITS.TXT" />
		<Unit filename="LICENSE.TXT" />
		<Unit filename="README.md" />
		<Unit filename="include/3rdP/jpeg/README" />
		<Unit filename="include/OmBase.h" />
		<Unit filename="include/OmBaseApp.h" />
		<Unit filename="include/OmBaseUi.h" />
		<Unit filename="include/OmBaseWin.h" />
		<Unit filename="include/OmBatch.h" />
		<Unit filename="include/OmConfig.h" />
		<Unit filename="include/OmContext.h" />
		<Unit filename="include/OmDialog.h" />
		<Unit filename="include/OmDialogProp.h" />
		<Unit filename="include/OmDialogWiz.h" />
		<Unit filename="include/OmGlobal.h" />
		<Unit filename="include/OmImage.h" />
		<Unit filename="include/OmLocation.h" />
		<Unit filename="include/OmManager.h" />
		<Unit filename="include/OmPackage.h" />
		<Unit filename="include/OmRemote.h" />
		<Unit filename="include/OmRepository.h" />
		<Unit filename="include/OmSocket.h" />
		<Unit filename="include/OmUi/OmUiAddBat.h" />
		<Unit filename="include/OmUi/OmUiAddLoc.h" />
		<Unit filename="include/OmUi/OmUiAddRep.h" />
		<Unit filename="include/OmUi/OmUiHelpAbt.h" />
		<Unit filename="include/OmUi/OmUiHelpLog.h" />
		<Unit filename="include/OmUi/OmUiMgr.h" />
		<Unit filename="include/OmUi/OmUiMgrFoot.h" />
		<Unit filename="include/OmUi/OmUiMgrFootDsc.h" />
		<Unit filename="include/OmUi/OmUiMgrMain.h" />
		<Unit filename="include/OmUi/OmUiMgrMainLib.h" />
		<Unit filename="include/OmUi/OmUiMgrMainNet.h" />
		<Unit filename="include/OmUi/OmUiMgrMainTst.h" />
		<Unit filename="include/OmUi/OmUiProgress.h" />
		<Unit filename="include/OmUi/OmUiPropBat.h" />
		<Unit filename="include/OmUi/OmUiPropBatStg.h" />
		<Unit filename="include/OmUi/OmUiPropCtx.h" />
		<Unit filename="include/OmUi/OmUiPropCtxBat.h" />
		<Unit filename="include/OmUi/OmUiPropCtxLoc.h" />
		<Unit filename="include/OmUi/OmUiPropCtxStg.h" />
		<Unit filename="include/OmUi/OmUiPropLoc.h" />
		<Unit filename="include/OmUi/OmUiPropLocBck.h" />
		<Unit filename="include/OmUi/OmUiPropLocLib.h" />
		<Unit filename="include/OmUi/OmUiPropLocNet.h" />
		<Unit filename="include/OmUi/OmUiPropLocStg.h" />
		<Unit filename="include/OmUi/OmUiPropMan.h" />
		<Unit filename="include/OmUi/OmUiPropManGle.h" />
		<Unit filename="include/OmUi/OmUiPropPkg.h" />
		<Unit filename="include/OmUi/OmUiPropPkgBck.h" />
		<Unit filename="include/OmUi/OmUiPropPkgSrc.h" />
		<Unit filename="include/OmUi/OmUiPropRmt.h" />
		<Unit filename="include/OmUi/OmUiPropRmtDet.h" />
		<Unit filename="include/OmUi/OmUiToolPkg.h" />
		<Unit filename="include/OmUi/OmUiToolRep.h" />
		<Unit filename="include/OmUi/OmUiWizCtx.h" />
		<Unit filename="include/OmUi/OmUiWizCtxBeg.h" />
		<Unit filename="include/OmUi/OmUiWizCtxCfg.h" />
		<Unit filename="include/OmUi/OmUiWizCtxLoc.h" />
		<Unit filename="include/OmUtil/OmUtilB64.h" />
		<Unit filename="include/OmUtil/OmUtilDlg.h" />
		<Unit filename="include/OmUtil/OmUtilErr.h" />
		<Unit filename="include/OmUtil/OmUtilFs.h" />
		<Unit filename="include/OmUtil/OmUtilHsh.h" />
		<Unit filename="include/OmUtil/OmUtilImg.h" />
		<Unit filename="include/OmUtil/OmUtilPkg.h" />
		<Unit filename="include/OmUtil/OmUtilStr.h" />
		<Unit filename="include/OmUtil/OmUtilSys.h" />
		<Unit filename="include/OmUtil/OmUtilWin.h" />
		<Unit filename="include/OmUtil/OmUtilZip.h" />
		<Unit filename="include/OmVersion.h" />
		<Unit filename="include/OmXmlDoc.h" />
		<Unit filename="include/OmZipFile.h" />
		<Unit filename="main.cpp" />
		<Unit filename="plugins/cwb/cwb.c">
			<Option compilerVar="CC" />
		</Unit>
		<Unit filename="plugins/cwb/cwb.h" />
		<Unit filename="plugins/md4c-rtf/md4c-rtf.c">
			<Option compilerVar="CC" />
		</Unit>
		<Unit filename="plugins/md4c-rtf/md4c-rtf.h" />
		<Unit filename="plugins/md5/md5.c">
			<Option compilerVar="CC" />
		</Unit>
		<Unit filename="plugins/md5/md5.h" />
		<Unit filename="res/resource.h" />
		<Unit filename="res/resources.rc">
			<Option compilerVar="WINDRES" />
		</Unit>
		<Unit filename="setup/OpenModMan.nsh" />
		<Unit filename="setup/setup-x64.nsi" />
		<Unit filename="setup/setup-x86.nsi" />
		<Unit filename="src/OmBatch.cpp" />
		<Unit filename="src/OmConfig.cpp" />
		<Unit filename="src/OmContext.cpp" />
		<Unit filename="src/OmDialog.cpp" />
		<Unit filename="src/OmDialogProp.cpp" />
		<Unit filename="src/OmDialogWiz.cpp" />
		<Unit filename="src/OmGlobal.cpp" />
		<Unit filename="src/OmImage.cpp" />
		<Unit filename="src/OmLocation.cpp" />
		<Unit filename="src/OmManager.cpp" />
		<Unit filename="src/OmPackage.cpp" />
		<Unit filename="src/OmRemote.cpp" />
		<Unit filename="src/OmRepository.cpp" />
		<Unit filename="src/OmSocket.cpp" />
		<Unit filename="src/OmUi/OmUiAddBat.cpp" />
		<Unit filename="src/OmUi/OmUiAddLoc.cpp" />
		<Unit filename="src/OmUi/OmUiAddRep.cpp" />
		<Unit filename="src/OmUi/OmUiHelpAbt.cpp" />
		<Unit filename="src/OmUi/OmUiHelpLog.cpp" />
		<Unit filename="src/OmUi/OmUiMgr.cpp" />
		<Unit filename="src/OmUi/OmUiMgrFoot.cpp" />
		<Unit filename="src/OmUi/OmUiMgrFootDsc.cpp" />
		<Unit filename="src/OmUi/OmUiMgrMain.cpp" />
		<Unit filename="src/OmUi/OmUiMgrMainLib.cpp" />
		<Unit filename="src/OmUi/OmUiMgrMainNet.cpp" />
		<Unit filename="src/OmUi/OmUiMgrMainTst.cpp" />
		<Unit filename="src/OmUi/OmUiProgress.cpp" />
		<Unit filename="src/OmUi/OmUiPropBat.cpp" />
		<Unit filename="src/OmUi/OmUiPropBatStg.cpp" />
		<Unit filename="src/OmUi/OmUiPropCtx.cpp" />
		<Unit filename="src/OmUi/OmUiPropCtxBat.cpp" />
		<Unit filename="src/OmUi/OmUiPropCtxLoc.cpp" />
		<Unit filename="src/OmUi/OmUiPropCtxStg.cpp" />
		<Unit filename="src/OmUi/OmUiPropLoc.cpp" />
		<Unit filename="src/OmUi/OmUiPropLocBck.cpp" />
		<Unit filename="src/OmUi/OmUiPropLocLib.cpp" />
		<Unit filename="src/OmUi/OmUiPropLocNet.cpp" />
		<Unit filename="src/OmUi/OmUiPropLocStg.cpp" />
		<Unit filename="src/OmUi/OmUiPropMan.cpp" />
		<Unit filename="src/OmUi/OmUiPropManGle.cpp" />
		<Unit filename="src/OmUi/OmUiPropPkg.cpp" />
		<Unit filename="src/OmUi/OmUiPropPkgBck.cpp" />
		<Unit filename="src/OmUi/OmUiPropPkgSrc.cpp" />
		<Unit filename="src/OmUi/OmUiPropRmt.cpp" />
		<Unit filename="src/OmUi/OmUiPropRmtDet.cpp" />
		<Unit filename="src/OmUi/OmUiToolPkg.cpp" />
		<Unit filename="src/OmUi/OmUiToolRep.cpp" />
		<Unit filename="src/OmUi/OmUiWizCtx.cpp" />
		<Unit filename="src/OmUi/OmUiWizCtxBeg.cpp" />
		<Unit filename="src/OmUi/OmUiWizCtxCfg.cpp" />
		<Unit filename="src/OmUi/OmUiWizCtxLoc.cpp" />
		<Unit filename="src/OmUtil/OmUtilB64.cpp" />
		<Unit filename="src/OmUtil/OmUtilDlg.cpp" />
		<Unit filename="src/OmUtil/OmUtilErr.cpp" />
		<Unit filename="src/OmUtil/OmUtilFs.cpp" />
		<Unit filename="src/OmUtil/OmUtilHsh.cpp" />
		<Unit filename="src/OmUtil/OmUtilImg.cpp" />
		<Unit filename="src/OmUtil/OmUtilPkg.cpp" />
		<Unit filename="src/OmUtil/OmUtilStr.cpp" />
		<Unit filename="src/OmUtil/OmUtilSys.cpp" />
		<Unit filename="src/OmUtil/OmUtilWin.cpp" />
		<Unit filename="src/OmUtil/OmUtilZip.cpp" />
		<Unit filename="src/OmVersion.cpp" />
		<Unit filename="src/OmXmlDoc.cpp" />
		<Unit filename="src/OmZipFile.cpp" />
		<Extensions>
			<lib_finder disable_auto="1" />
		</Extensions>
	</Project>
</CodeBlocks_project_file>
